// !$*UTF8*$!
{
	archiveVersion = 1;
	classes = {
	};
	objectVersion = 55;
	objects = {

/* Begin PBXBuildFile section */
		B37B457829E95924000CCF18 /* AppDelegate.swift in Sources */ = {isa = PBXBuildFile; fileRef = B37B457729E95924000CCF18 /* AppDelegate.swift */; };
		B37B457A29E95924000CCF18 /* SceneDelegate.swift in Sources */ = {isa = PBXBuildFile; fileRef = B37B457929E95924000CCF18 /* SceneDelegate.swift */; };
		B37B457C29E95924000CCF18 /* ViewController.swift in Sources */ = {isa = PBXBuildFile; fileRef = B37B457B29E95924000CCF18 /* ViewController.swift */; };
		B37B457F29E95924000CCF18 /* Main.storyboard in Resources */ = {isa = PBXBuildFile; fileRef = B37B457D29E95924000CCF18 /* Main.storyboard */; };
		B37B458129E9592A000CCF18 /* Assets.xcassets in Resources */ = {isa = PBXBuildFile; fileRef = B37B458029E9592A000CCF18 /* Assets.xcassets */; };
		B37B458429E9592A000CCF18 /* LaunchScreen.storyboard in Resources */ = {isa = PBXBuildFile; fileRef = B37B458229E9592A000CCF18 /* LaunchScreen.storyboard */; };
		B37B458F29E9592B000CCF18 /* PullToRefreshTests.swift in Sources */ = {isa = PBXBuildFile; fileRef = B37B458E29E9592B000CCF18 /* PullToRefreshTests.swift */; };
		B37B459929E9592B000CCF18 /* PullToRefreshUITests.swift in Sources */ = {isa = PBXBuildFile; fileRef = B37B459829E9592B000CCF18 /* PullToRefreshUITests.swift */; };
		B37B459B29E9592B000CCF18 /* PullToRefreshUITestsLaunchTests.swift in Sources */ = {isa = PBXBuildFile; fileRef = B37B459A29E9592B000CCF18 /* PullToRefreshUITestsLaunchTests.swift */; };
/* End PBXBuildFile section */

/* Begin PBXContainerItemProxy section */
		B37B458B29E9592B000CCF18 /* PBXContainerItemProxy */ = {
			isa = PBXContainerItemProxy;
			containerPortal = B37B456C29E95924000CCF18 /* Project object */;
			proxyType = 1;
			remoteGlobalIDString = B37B457329E95924000CCF18;
			remoteInfo = PullToRefresh;
		};
		B37B459529E9592B000CCF18 /* PBXContainerItemProxy */ = {
			isa = PBXContainerItemProxy;
			containerPortal = B37B456C29E95924000CCF18 /* Project object */;
			proxyType = 1;
			remoteGlobalIDString = B37B457329E95924000CCF18;
			remoteInfo = PullToRefresh;
		};
/* End PBXContainerItemProxy section */

/* Begin PBXFileReference section */
		B37B457429E95924000CCF18 /* PullToRefresh.app */ = {isa = PBXFileReference; explicitFileType = wrapper.application; includeInIndex = 0; path = PullToRefresh.app; sourceTree = BUILT_PRODUCTS_DIR; };
		B37B457729E95924000CCF18 /* AppDelegate.swift */ = {isa = PBXFileReference; lastKnownFileType = sourcecode.swift; path = AppDelegate.swift; sourceTree = "<group>"; };
		B37B457929E95924000CCF18 /* SceneDelegate.swift */ = {isa = PBXFileReference; lastKnownFileType = sourcecode.swift; path = SceneDelegate.swift; sourceTree = "<group>"; };
		B37B457B29E95924000CCF18 /* ViewController.swift */ = {isa = PBXFileReference; lastKnownFileType = sourcecode.swift; path = ViewController.swift; sourceTree = "<group>"; };
		B37B457E29E95924000CCF18 /* Base */ = {isa = PBXFileReference; lastKnownFileType = file.storyboard; name = Base; path = Base.lproj/Main.storyboard; sourceTree = "<group>"; };
		B37B458029E9592A000CCF18 /* Assets.xcassets */ = {isa = PBXFileReference; lastKnownFileType = folder.assetcatalog; path = Assets.xcassets; sourceTree = "<group>"; };
		B37B458329E9592A000CCF18 /* Base */ = {isa = PBXFileReference; lastKnownFileType = file.storyboard; name = Base; path = Base.lproj/LaunchScreen.storyboard; sourceTree = "<group>"; };
		B37B458529E9592A000CCF18 /* Info.plist */ = {isa = PBXFileReference; lastKnownFileType = text.plist.xml; path = Info.plist; sourceTree = "<group>"; };
		B37B458A29E9592B000CCF18 /* PullToRefreshTests.xctest */ = {isa = PBXFileReference; explicitFileType = wrapper.cfbundle; includeInIndex = 0; path = PullToRefreshTests.xctest; sourceTree = BUILT_PRODUCTS_DIR; };
		B37B458E29E9592B000CCF18 /* PullToRefreshTests.swift */ = {isa = PBXFileReference; lastKnownFileType = sourcecode.swift; path = PullToRefreshTests.swift; sourceTree = "<group>"; };
		B37B459429E9592B000CCF18 /* PullToRefreshUITests.xctest */ = {isa = PBXFileReference; explicitFileType = wrapper.cfbundle; includeInIndex = 0; path = PullToRefreshUITests.xctest; sourceTree = BUILT_PRODUCTS_DIR; };
		B37B459829E9592B000CCF18 /* PullToRefreshUITests.swift */ = {isa = PBXFileReference; lastKnownFileType = sourcecode.swift; path = PullToRefreshUITests.swift; sourceTree = "<group>"; };
		B37B459A29E9592B000CCF18 /* PullToRefreshUITestsLaunchTests.swift */ = {isa = PBXFileReference; lastKnownFileType = sourcecode.swift; path = PullToRefreshUITestsLaunchTests.swift; sourceTree = "<group>"; };
/* End PBXFileReference section */

/* Begin PBXFrameworksBuildPhase section */
		B37B457129E95924000CCF18 /* Frameworks */ = {
			isa = PBXFrameworksBuildPhase;
			buildActionMask = 2147483647;
			files = (
			);
			runOnlyForDeploymentPostprocessing = 0;
		};
		B37B458729E9592B000CCF18 /* Frameworks */ = {
			isa = PBXFrameworksBuildPhase;
			buildActionMask = 2147483647;
			files = (
			);
			runOnlyForDeploymentPostprocessing = 0;
		};
		B37B459129E9592B000CCF18 /* Frameworks */ = {
			isa = PBXFrameworksBuildPhase;
			buildActionMask = 2147483647;
			files = (
			);
			runOnlyForDeploymentPostprocessing = 0;
		};
/* End PBXFrameworksBuildPhase section */

/* Begin PBXGroup section */
		B37B456B29E95924000CCF18 = {
			isa = PBXGroup;
			children = (
				B37B457629E95924000CCF18 /* PullToRefresh */,
				B37B458D29E9592B000CCF18 /* PullToRefreshTests */,
				B37B459729E9592B000CCF18 /* PullToRefreshUITests */,
				B37B457529E95924000CCF18 /* Products */,
			);
			sourceTree = "<group>";
		};
		B37B457529E95924000CCF18 /* Products */ = {
			isa = PBXGroup;
			children = (
				B37B457429E95924000CCF18 /* PullToRefresh.app */,
				B37B458A29E9592B000CCF18 /* PullToRefreshTests.xctest */,
				B37B459429E9592B000CCF18 /* PullToRefreshUITests.xctest */,
			);
			name = Products;
			sourceTree = "<group>";
		};
		B37B457629E95924000CCF18 /* PullToRefresh */ = {
			isa = PBXGroup;
			children = (
				B37B457729E95924000CCF18 /* AppDelegate.swift */,
				B37B457929E95924000CCF18 /* SceneDelegate.swift */,
				B37B457B29E95924000CCF18 /* ViewController.swift */,
				B37B457D29E95924000CCF18 /* Main.storyboard */,
				B37B458029E9592A000CCF18 /* Assets.xcassets */,
				B37B458229E9592A000CCF18 /* LaunchScreen.storyboard */,
				B37B458529E9592A000CCF18 /* Info.plist */,
			);
			path = PullToRefresh;
			sourceTree = "<group>";
		};
		B37B458D29E9592B000CCF18 /* PullToRefreshTests */ = {
			isa = PBXGroup;
			children = (
				B37B458E29E9592B000CCF18 /* PullToRefreshTests.swift */,
			);
			path = PullToRefreshTests;
			sourceTree = "<group>";
		};
		B37B459729E9592B000CCF18 /* PullToRefreshUITests */ = {
			isa = PBXGroup;
			children = (
				B37B459829E9592B000CCF18 /* PullToRefreshUITests.swift */,
				B37B459A29E9592B000CCF18 /* PullToRefreshUITestsLaunchTests.swift */,
			);
			path = PullToRefreshUITests;
			sourceTree = "<group>";
		};
/* End PBXGroup section */

/* Begin PBXNativeTarget section */
		B37B457329E95924000CCF18 /* PullToRefresh */ = {
			isa = PBXNativeTarget;
			buildConfigurationList = B37B459E29E9592B000CCF18 /* Build configuration list for PBXNativeTarget "PullToRefresh" */;
			buildPhases = (
				B37B457029E95924000CCF18 /* Sources */,
				B37B457129E95924000CCF18 /* Frameworks */,
				B37B457229E95924000CCF18 /* Resources */,
			);
			buildRules = (
			);
			dependencies = (
			);
			name = PullToRefresh;
			productName = PullToRefresh;
			productReference = B37B457429E95924000CCF18 /* PullToRefresh.app */;
			productType = "com.apple.product-type.application";
		};
		B37B458929E9592B000CCF18 /* PullToRefreshTests */ = {
			isa = PBXNativeTarget;
			buildConfigurationList = B37B45A129E9592B000CCF18 /* Build configuration list for PBXNativeTarget "PullToRefreshTests" */;
			buildPhases = (
				B37B458629E9592B000CCF18 /* Sources */,
				B37B458729E9592B000CCF18 /* Frameworks */,
				B37B458829E9592B000CCF18 /* Resources */,
			);
			buildRules = (
			);
			dependencies = (
				B37B458C29E9592B000CCF18 /* PBXTargetDependency */,
			);
			name = PullToRefreshTests;
			productName = PullToRefreshTests;
			productReference = B37B458A29E9592B000CCF18 /* PullToRefreshTests.xctest */;
			productType = "com.apple.product-type.bundle.unit-test";
		};
		B37B459329E9592B000CCF18 /* PullToRefreshUITests */ = {
			isa = PBXNativeTarget;
			buildConfigurationList = B37B45A429E9592B000CCF18 /* Build configuration list for PBXNativeTarget "PullToRefreshUITests" */;
			buildPhases = (
				B37B459029E9592B000CCF18 /* Sources */,
				B37B459129E9592B000CCF18 /* Frameworks */,
				B37B459229E9592B000CCF18 /* Resources */,
			);
			buildRules = (
			);
			dependencies = (
				B37B459629E9592B000CCF18 /* PBXTargetDependency */,
			);
			name = PullToRefreshUITests;
			productName = PullToRefreshUITests;
			productReference = B37B459429E9592B000CCF18 /* PullToRefreshUITests.xctest */;
			productType = "com.apple.product-type.bundle.ui-testing";
		};
/* End PBXNativeTarget section */

/* Begin PBXProject section */
		B37B456C29E95924000CCF18 /* Project object */ = {
			isa = PBXProject;
			attributes = {
				BuildIndependentTargetsInParallel = 1;
				LastSwiftUpdateCheck = 1320;
				LastUpgradeCheck = 1320;
				TargetAttributes = {
					B37B457329E95924000CCF18 = {
						CreatedOnToolsVersion = 13.2.1;
					};
					B37B458929E9592B000CCF18 = {
						CreatedOnToolsVersion = 13.2.1;
						TestTargetID = B37B457329E95924000CCF18;
					};
					B37B459329E9592B000CCF18 = {
						CreatedOnToolsVersion = 13.2.1;
						TestTargetID = B37B457329E95924000CCF18;
					};
				};
			};
			buildConfigurationList = B37B456F29E95924000CCF18 /* Build configuration list for PBXProject "PullToRefresh" */;
			compatibilityVersion = "Xcode 13.0";
			developmentRegion = en;
			hasScannedForEncodings = 0;
			knownRegions = (
				en,
				Base,
			);
			mainGroup = B37B456B29E95924000CCF18;
			productRefGroup = B37B457529E95924000CCF18 /* Products */;
			projectDirPath = "";
			projectRoot = "";
			targets = (
				B37B457329E95924000CCF18 /* PullToRefresh */,
				B37B458929E9592B000CCF18 /* PullToRefreshTests */,
				B37B459329E9592B000CCF18 /* PullToRefreshUITests */,
			);
		};
/* End PBXProject section */

/* Begin PBXResourcesBuildPhase section */
		B37B457229E95924000CCF18 /* Resources */ = {
			isa = PBXResourcesBuildPhase;
			buildActionMask = 2147483647;
			files = (
				B37B458429E9592A000CCF18 /* LaunchScreen.storyboard in Resources */,
				B37B458129E9592A000CCF18 /* Assets.xcassets in Resources */,
				B37B457F29E95924000CCF18 /* Main.storyboard in Resources */,
			);
			runOnlyForDeploymentPostprocessing = 0;
		};
		B37B458829E9592B000CCF18 /* Resources */ = {
			isa = PBXResourcesBuildPhase;
			buildActionMask = 2147483647;
			files = (
			);
			runOnlyForDeploymentPostprocessing = 0;
		};
		B37B459229E9592B000CCF18 /* Resources */ = {
			isa = PBXResourcesBuildPhase;
			buildActionMask = 2147483647;
			files = (
			);
			runOnlyForDeploymentPostprocessing = 0;
		};
/* End PBXResourcesBuildPhase section */

/* Begin PBXSourcesBuildPhase section */
		B37B457029E95924000CCF18 /* Sources */ = {
			isa = PBXSourcesBuildPhase;
			buildActionMask = 2147483647;
			files = (
				B37B457C29E95924000CCF18 /* ViewController.swift in Sources */,
				B37B457829E95924000CCF18 /* AppDelegate.swift in Sources */,
				B37B457A29E95924000CCF18 /* SceneDelegate.swift in Sources */,
			);
			runOnlyForDeploymentPostprocessing = 0;
		};
		B37B458629E9592B000CCF18 /* Sources */ = {
			isa = PBXSourcesBuildPhase;
			buildActionMask = 2147483647;
			files = (
				B37B458F29E9592B000CCF18 /* PullToRefreshTests.swift in Sources */,
			);
			runOnlyForDeploymentPostprocessing = 0;
		};
		B37B459029E9592B000CCF18 /* Sources */ = {
			isa = PBXSourcesBuildPhase;
			buildActionMask = 2147483647;
			files = (
				B37B459B29E9592B000CCF18 /* PullToRefreshUITestsLaunchTests.swift in Sources */,
				B37B459929E9592B000CCF18 /* PullToRefreshUITests.swift in Sources */,
			);
			runOnlyForDeploymentPostprocessing = 0;
		};
/* End PBXSourcesBuildPhase section */

/* Begin PBXTargetDependency section */
		B37B458C29E9592B000CCF18 /* PBXTargetDependency */ = {
			isa = PBXTargetDependency;
			target = B37B457329E95924000CCF18 /* PullToRefresh */;
			targetProxy = B37B458B29E9592B000CCF18 /* PBXContainerItemProxy */;
		};
		B37B459629E9592B000CCF18 /* PBXTargetDependency */ = {
			isa = PBXTargetDependency;
			target = B37B457329E95924000CCF18 /* PullToRefresh */;
			targetProxy = B37B459529E9592B000CCF18 /* PBXContainerItemProxy */;
		};
/* End PBXTargetDependency section */

/* Begin PBXVariantGroup section */
		B37B457D29E95924000CCF18 /* Main.storyboard */ = {
			isa = PBXVariantGroup;
			children = (
				B37B457E29E95924000CCF18 /* Base */,
			);
			name = Main.storyboard;
			sourceTree = "<group>";
		};
		B37B458229E9592A000CCF18 /* LaunchScreen.storyboard */ = {
			isa = PBXVariantGroup;
			children = (
				B37B458329E9592A000CCF18 /* Base */,
			);
			name = LaunchScreen.storyboard;
			sourceTree = "<group>";
		};
/* End PBXVariantGroup section */

/* Begin XCBuildConfiguration section */
		B37B459C29E9592B000CCF18 /* Debug */ = {
			isa = XCBuildConfiguration;
			buildSettings = {
				ALWAYS_SEARCH_USER_PATHS = NO;
				CLANG_ANALYZER_NONNULL = YES;
				CLANG_ANALYZER_NUMBER_OBJECT_CONVERSION = YES_AGGRESSIVE;
				CLANG_CXX_LANGUAGE_STANDARD = "gnu++17";
				CLANG_CXX_LIBRARY = "libc++";
				CLANG_ENABLE_MODULES = YES;
				CLANG_ENABLE_OBJC_ARC = YES;
				CLANG_ENABLE_OBJC_WEAK = YES;
				CLANG_WARN_BLOCK_CAPTURE_AUTORELEASING = YES;
				CLANG_WARN_BOOL_CONVERSION = YES;
				CLANG_WARN_COMMA = YES;
				CLANG_WARN_CONSTANT_CONVERSION = YES;
				CLANG_WARN_DEPRECATED_OBJC_IMPLEMENTATIONS = YES;
				CLANG_WARN_DIRECT_OBJC_ISA_USAGE = YES_ERROR;
				CLANG_WARN_DOCUMENTATION_COMMENTS = YES;
				CLANG_WARN_EMPTY_BODY = YES;
				CLANG_WARN_ENUM_CONVERSION = YES;
				CLANG_WARN_INFINITE_RECURSION = YES;
				CLANG_WARN_INT_CONVERSION = YES;
				CLANG_WARN_NON_LITERAL_NULL_CONVERSION = YES;
				CLANG_WARN_OBJC_IMPLICIT_RETAIN_SELF = YES;
				CLANG_WARN_OBJC_LITERAL_CONVERSION = YES;
				CLANG_WARN_OBJC_ROOT_CLASS = YES_ERROR;
				CLANG_WARN_QUOTED_INCLUDE_IN_FRAMEWORK_HEADER = YES;
				CLANG_WARN_RANGE_LOOP_ANALYSIS = YES;
				CLANG_WARN_STRICT_PROTOTYPES = YES;
				CLANG_WARN_SUSPICIOUS_MOVE = YES;
				CLANG_WARN_UNGUARDED_AVAILABILITY = YES_AGGRESSIVE;
				CLANG_WARN_UNREACHABLE_CODE = YES;
				CLANG_WARN__DUPLICATE_METHOD_MATCH = YES;
				COPY_PHASE_STRIP = NO;
				DEBUG_INFORMATION_FORMAT = dwarf;
				ENABLE_STRICT_OBJC_MSGSEND = YES;
				ENABLE_TESTABILITY = YES;
				GCC_C_LANGUAGE_STANDARD = gnu11;
				GCC_DYNAMIC_NO_PIC = NO;
				GCC_NO_COMMON_BLOCKS = YES;
				GCC_OPTIMIZATION_LEVEL = 0;
				GCC_PREPROCESSOR_DEFINITIONS = (
					"DEBUG=1",
					"$(inherited)",
				);
				GCC_WARN_64_TO_32_BIT_CONVERSION = YES;
				GCC_WARN_ABOUT_RETURN_TYPE = YES_ERROR;
				GCC_WARN_UNDECLARED_SELECTOR = YES;
				GCC_WARN_UNINITIALIZED_AUTOS = YES_AGGRESSIVE;
				GCC_WARN_UNUSED_FUNCTION = YES;
				GCC_WARN_UNUSED_VARIABLE = YES;
				IPHONEOS_DEPLOYMENT_TARGET = 15.2;
				MTL_ENABLE_DEBUG_INFO = INCLUDE_SOURCE;
				MTL_FAST_MATH = YES;
				ONLY_ACTIVE_ARCH = YES;
				SDKROOT = iphoneos;
				SWIFT_ACTIVE_COMPILATION_CONDITIONS = DEBUG;
				SWIFT_OPTIMIZATION_LEVEL = "-Onone";
			};
			name = Debug;
		};
		B37B459D29E9592B000CCF18 /* Release */ = {
			isa = XCBuildConfiguration;
			buildSettings = {
				ALWAYS_SEARCH_USER_PATHS = NO;
				CLANG_ANALYZER_NONNULL = YES;
				CLANG_ANALYZER_NUMBER_OBJECT_CONVERSION = YES_AGGRESSIVE;
				CLANG_CXX_LANGUAGE_STANDARD = "gnu++17";
				CLANG_CXX_LIBRARY = "libc++";
				CLANG_ENABLE_MODULES = YES;
				CLANG_ENABLE_OBJC_ARC = YES;
				CLANG_ENABLE_OBJC_WEAK = YES;
				CLANG_WARN_BLOCK_CAPTURE_AUTORELEASING = YES;
				CLANG_WARN_BOOL_CONVERSION = YES;
				CLANG_WARN_COMMA = YES;
				CLANG_WARN_CONSTANT_CONVERSION = YES;
				CLANG_WARN_DEPRECATED_OBJC_IMPLEMENTATIONS = YES;
				CLANG_WARN_DIRECT_OBJC_ISA_USAGE = YES_ERROR;
				CLANG_WARN_DOCUMENTATION_COMMENTS = YES;
				CLANG_WARN_EMPTY_BODY = YES;
				CLANG_WARN_ENUM_CONVERSION = YES;
				CLANG_WARN_INFINITE_RECURSION = YES;
				CLANG_WARN_INT_CONVERSION = YES;
				CLANG_WARN_NON_LITERAL_NULL_CONVERSION = YES;
				CLANG_WARN_OBJC_IMPLICIT_RETAIN_SELF = YES;
				CLANG_WARN_OBJC_LITERAL_CONVERSION = YES;
				CLANG_WARN_OBJC_ROOT_CLASS = YES_ERROR;
				CLANG_WARN_QUOTED_INCLUDE_IN_FRAMEWORK_HEADER = YES;
				CLANG_WARN_RANGE_LOOP_ANALYSIS = YES;
				CLANG_WARN_STRICT_PROTOTYPES = YES;
				CLANG_WARN_SUSPICIOUS_MOVE = YES;
				CLANG_WARN_UNGUARDED_AVAILABILITY = YES_AGGRESSIVE;
				CLANG_WARN_UNREACHABLE_CODE = YES;
				CLANG_WARN__DUPLICATE_METHOD_MATCH = YES;
				COPY_PHASE_STRIP = NO;
				DEBUG_INFORMATION_FORMAT = "dwarf-with-dsym";
				ENABLE_NS_ASSERTIONS = NO;
				ENABLE_STRICT_OBJC_MSGSEND = YES;
				GCC_C_LANGUAGE_STANDARD = gnu11;
				GCC_NO_COMMON_BLOCKS = YES;
				GCC_WARN_64_TO_32_BIT_CONVERSION = YES;
				GCC_WARN_ABOUT_RETURN_TYPE = YES_ERROR;
				GCC_WARN_UNDECLARED_SELECTOR = YES;
				GCC_WARN_UNINITIALIZED_AUTOS = YES_AGGRESSIVE;
				GCC_WARN_UNUSED_FUNCTION = YES;
				GCC_WARN_UNUSED_VARIABLE = YES;
				IPHONEOS_DEPLOYMENT_TARGET = 15.2;
				MTL_ENABLE_DEBUG_INFO = NO;
				MTL_FAST_MATH = YES;
				SDKROOT = iphoneos;
				SWIFT_COMPILATION_MODE = wholemodule;
				SWIFT_OPTIMIZATION_LEVEL = "-O";
				VALIDATE_PRODUCT = YES;
			};
			name = Release;
		};
		B37B459F29E9592B000CCF18 /* Debug */ = {
			isa = XCBuildConfiguration;
			buildSettings = {
				ASSETCATALOG_COMPILER_APPICON_NAME = AppIcon;
				ASSETCATALOG_COMPILER_GLOBAL_ACCENT_COLOR_NAME = AccentColor;
				CODE_SIGN_STYLE = Automatic;
				CURRENT_PROJECT_VERSION = 1;
				GENERATE_INFOPLIST_FILE = YES;
				INFOPLIST_FILE = PullToRefresh/Info.plist;
				INFOPLIST_KEY_UIApplicationSupportsIndirectInputEvents = YES;
				INFOPLIST_KEY_UILaunchStoryboardName = LaunchScreen;
				INFOPLIST_KEY_UIMainStoryboardFile = Main;
				INFOPLIST_KEY_UISupportedInterfaceOrientations_iPad = "UIInterfaceOrientationPortrait UIInterfaceOrientationPortraitUpsideDown UIInterfaceOrientationLandscapeLeft UIInterfaceOrientationLandscapeRight";
				INFOPLIST_KEY_UISupportedInterfaceOrientations_iPhone = "UIInterfaceOrientationPortrait UIInterfaceOrientationLandscapeLeft UIInterfaceOrientationLandscapeRight";
				LD_RUNPATH_SEARCH_PATHS = (
					"$(inherited)",
					"@executable_path/Frameworks",
				);
				MARKETING_VERSION = 1.0;
				PRODUCT_BUNDLE_IDENTIFIER = makemycoolApp.PullToRefresh;
				PRODUCT_NAME = "$(TARGET_NAME)";
				SWIFT_EMIT_LOC_STRINGS = YES;
				SWIFT_VERSION = 5.0;
				TARGETED_DEVICE_FAMILY = "1,2";
			};
			name = Debug;
		};
		B37B45A029E9592B000CCF18 /* Release */ = {
			isa = XCBuildConfiguration;
			buildSettings = {
				ASSETCATALOG_COMPILER_APPICON_NAME = AppIcon;
				ASSETCATALOG_COMPILER_GLOBAL_ACCENT_COLOR_NAME = AccentColor;
				CODE_SIGN_STYLE = Automatic;
				CURRENT_PROJECT_VERSION = 1;
				GENERATE_INFOPLIST_FILE = YES;
				INFOPLIST_FILE = PullToRefresh/Info.plist;
				INFOPLIST_KEY_UIApplicationSupportsIndirectInputEvents = YES;
				INFOPLIST_KEY_UILaunchStoryboardName = LaunchScreen;
				INFOPLIST_KEY_UIMainStoryboardFile = Main;
				INFOPLIST_KEY_UISupportedInterfaceOrientations_iPad = "UIInterfaceOrientationPortrait UIInterfaceOrientationPortraitUpsideDown UIInterfaceOrientationLandscapeLeft UIInterfaceOrientationLandscapeRight";
				INFOPLIST_KEY_UISupportedInterfaceOrientations_iPhone = "UIInterfaceOrientationPortrait UIInterfaceOrientationLandscapeLeft UIInterfaceOrientationLandscapeRight";
				LD_RUNPATH_SEARCH_PATHS = (
					"$(inherited)",
					"@executable_path/Frameworks",
				);
				MARKETING_VERSION = 1.0;
				PRODUCT_BUNDLE_IDENTIFIER = makemycoolApp.PullToRefresh;
				PRODUCT_NAME = "$(TARGET_NAME)";
				SWIFT_EMIT_LOC_STRINGS = YES;
				SWIFT_VERSION = 5.0;
				TARGETED_DEVICE_FAMILY = "1,2";
			};
			name = Release;
		};
		B37B45A229E9592B000CCF18 /* Debug */ = {
			isa = XCBuildConfiguration;
			buildSettings = {
				ALWAYS_EMBED_SWIFT_STANDARD_LIBRARIES = YES;
				BUNDLE_LOADER = "$(TEST_HOST)";
				CODE_SIGN_STYLE = Automatic;
				CURRENT_PROJECT_VERSION = 1;
				GENERATE_INFOPLIST_FILE = YES;
				IPHONEOS_DEPLOYMENT_TARGET = 15.2;
				MARKETING_VERSION = 1.0;
				PRODUCT_BUNDLE_IDENTIFIER = makemycoolApp.PullToRefreshTests;
				PRODUCT_NAME = "$(TARGET_NAME)";
				SWIFT_EMIT_LOC_STRINGS = NO;
				SWIFT_VERSION = 5.0;
				TARGETED_DEVICE_FAMILY = "1,2";
				TEST_HOST = "$(BUILT_PRODUCTS_DIR)/PullToRefresh.app/PullToRefresh";
			};
			name = Debug;
		};
		B37B45A329E9592B000CCF18 /* Release */ = {
			isa = XCBuildConfiguration;
			buildSettings = {
				ALWAYS_EMBED_SWIFT_STANDARD_LIBRARIES = YES;
				BUNDLE_LOADER = "$(TEST_HOST)";
				CODE_SIGN_STYLE = Automatic;
				CURRENT_PROJECT_VERSION = 1;
				GENERATE_INFOPLIST_FILE = YES;
				IPHONEOS_DEPLOYMENT_TARGET = 15.2;
				MARKETING_VERSION = 1.0;
				PRODUCT_BUNDLE_IDENTIFIER = makemycoolApp.PullToRefreshTests;
				PRODUCT_NAME = "$(TARGET_NAME)";
				SWIFT_EMIT_LOC_STRINGS = NO;
				SWIFT_VERSION = 5.0;
				TARGETED_DEVICE_FAMILY = "1,2";
				TEST_HOST = "$(BUILT_PRODUCTS_DIR)/PullToRefresh.app/PullToRefresh";
			};
			name = Release;
		};
		B37B45A529E9592B000CCF18 /* Debug */ = {
			isa = XCBuildConfiguration;
			buildSettings = {
				ALWAYS_EMBED_SWIFT_STANDARD_LIBRARIES = YES;
				CODE_SIGN_STYLE = Automatic;
				CURRENT_PROJECT_VERSION = 1;
				GENERATE_INFOPLIST_FILE = YES;
				MARKETING_VERSION = 1.0;
				PRODUCT_BUNDLE_IDENTIFIER = makemycoolApp.PullToRefreshUITests;
				PRODUCT_NAME = "$(TARGET_NAME)";
				SWIFT_EMIT_LOC_STRINGS = NO;
				SWIFT_VERSION = 5.0;
				TARGETED_DEVICE_FAMILY = "1,2";
				TEST_TARGET_NAME = PullToRefresh;
			};
			name = Debug;
		};
		B37B45A629E9592B000CCF18 /* Release */ = {
			isa = XCBuildConfiguration;
			buildSettings = {
				ALWAYS_EMBED_SWIFT_STANDARD_LIBRARIES = YES;
				CODE_SIGN_STYLE = Automatic;
				CURRENT_PROJECT_VERSION = 1;
				GENERATE_INFOPLIST_FILE = YES;
				MARKETING_VERSION = 1.0;
				PRODUCT_BUNDLE_IDENTIFIER = makemycoolApp.PullToRefreshUITests;
				PRODUCT_NAME = "$(TARGET_NAME)";
				SWIFT_EMIT_LOC_STRINGS = NO;
				SWIFT_VERSION = 5.0;
				TARGETED_DEVICE_FAMILY = "1,2";
				TEST_TARGET_NAME = PullToRefresh;
			};
			name = Release;
		};
/* End XCBuildConfiguration section */

/* Begin XCConfigurationList section */
		B37B456F29E95924000CCF18 /* Build configuration list for PBXProject "PullToRefresh" */ = {
			isa = XCConfigurationList;
			buildConfigurations = (
				B37B459C29E9592B000CCF18 /* Debug */,
				B37B459D29E9592B000CCF18 /* Release */,
			);
			defaultConfigurationIsVisible = 0;
			defaultConfigurationName = Release;
		};
		B37B459E29E9592B000CCF18 /* Build configuration list for PBXNativeTarget "PullToRefresh" */ = {
			isa = XCConfigurationList;
			buildConfigurations = (
				B37B459F29E9592B000CCF18 /* Debug */,
				B37B45A029E9592B000CCF18 /* Release */,
			);
			defaultConfigurationIsVisible = 0;
			defaultConfigurationName = Release;
		};
		B37B45A129E9592B000CCF18 /* Build configuration list for PBXNativeTarget "PullToRefreshTests" */ = {
			isa = XCConfigurationList;
			buildConfigurations = (
				B37B45A229E9592B000CCF18 /* Debug */,
				B37B45A329E9592B000CCF18 /* Release */,
			);
			defaultConfigurationIsVisible = 0;
			defaultConfigurationName = Release;
		};
		B37B45A429E9592B000CCF18 /* Build configuration list for PBXNativeTarget "PullToRefreshUITests" */ = {
			isa = XCConfigurationList;
			buildConfigurations = (
				B37B45A529E9592B000CCF18 /* Debug */,
				B37B45A629E9592B000CCF18 /* Release */,
			);
			defaultConfigurationIsVisible = 0;
			defaultConfigurationName = Release;
		};
/* End XCConfigurationList section */
	};
	rootObject = B37B456C29E95924000CCF18 /* Project object */;
}
